
Microsoft Visual Studio Solution File, Format Version 12.00
# Visual Studio Version 16
VisualStudioVersion = 16.0.28803.452
MinimumVisualStudioVersion = 10.0.40219.1
Project("{FAE04EC0-301F-11D3-BF4B-00C04F79EFBC}") = "AAEmu.DBViewer", "AAEmu.DBViewer\AAEmu.DBViewer.csproj", "{8C6AFF75-052F-48D7-A329-1BFBFCB6DC53}"
EndProject
Project("{FAE04EC0-301F-11D3-BF4B-00C04F79EFBC}") = "AAEmu.PassGen", "AAEmu.PassGen\AAEmu.PassGen.csproj", "{98751459-5EBE-408A-884C-F4BCC6A61D5A}"
EndProject
Project("{FAE04EC0-301F-11D3-BF4B-00C04F79EFBC}") = "AAEmu.ClientDataExporter", "AAEmu.ClientDataExporter\AAEmu.ClientDataExporter.csproj", "{7A0BC9BD-E7A0-444E-BD87-D774E9B13AA4}"
EndProject
Project("{FAE04EC0-301F-11D3-BF4B-00C04F79EFBC}") = "GReader", "GReader\GReader.csproj", "{A625A164-0621-41CA-84C8-77F64EFF31FA}"
EndProject
Global
	GlobalSection(SolutionConfigurationPlatforms) = preSolution
		Debug|Any CPU = Debug|Any CPU
		Release|Any CPU = Release|Any CPU
	EndGlobalSection
	GlobalSection(ProjectConfigurationPlatforms) = postSolution
		{8C6AFF75-052F-48D7-A329-1BFBFCB6DC53}.Debug|Any CPU.ActiveCfg = Debug|Any CPU
		{8C6AFF75-052F-48D7-A329-1BFBFCB6DC53}.Debug|Any CPU.Build.0 = Debug|Any CPU
		{8C6AFF75-052F-48D7-A329-1BFBFCB6DC53}.Release|Any CPU.ActiveCfg = Release|Any CPU
		{8C6AFF75-052F-48D7-A329-1BFBFCB6DC53}.Release|Any CPU.Build.0 = Release|Any CPU
		{98751459-5EBE-408A-884C-F4BCC6A61D5A}.Debug|Any CPU.ActiveCfg = Debug|Any CPU
		{98751459-5EBE-408A-884C-F4BCC6A61D5A}.Debug|Any CPU.Build.0 = Debug|Any CPU
		{98751459-5EBE-408A-884C-F4BCC6A61D5A}.Release|Any CPU.ActiveCfg = Release|Any CPU
		{98751459-5EBE-408A-884C-F4BCC6A61D5A}.Release|Any CPU.Build.0 = Release|Any CPU
		{7A0BC9BD-E7A0-444E-BD87-D774E9B13AA4}.Debug|Any CPU.ActiveCfg = Debug|Any CPU
		{7A0BC9BD-E7A0-444E-BD87-D774E9B13AA4}.Debug|Any CPU.Build.0 = Debug|Any CPU
		{7A0BC9BD-E7A0-444E-BD87-D774E9B13AA4}.Release|Any CPU.ActiveCfg = Release|Any CPU
		{7A0BC9BD-E7A0-444E-BD87-D774E9B13AA4}.Release|Any CPU.Build.0 = Release|Any CPU
		{A625A164-0621-41CA-84C8-77F64EFF31FA}.Debug|Any CPU.ActiveCfg = Debug|Any CPU
		{A625A164-0621-41CA-84C8-77F64EFF31FA}.Debug|Any CPU.Build.0 = Debug|Any CPU
		{A625A164-0621-41CA-84C8-77F64EFF31FA}.Release|Any CPU.ActiveCfg = Release|Any CPU
		{A625A164-0621-41CA-84C8-77F64EFF31FA}.Release|Any CPU.Build.0 = Release|Any CPU
	EndGlobalSection
	GlobalSection(SolutionProperties) = preSolution
		HideSolutionNode = FALSE
	EndGlobalSection
	GlobalSection(ExtensibilityGlobals) = postSolution
		SolutionGuid = {95D01867-55B8-41D6-BB6D-D5CAE1166FE0}
	EndGlobalSection
EndGlobal
