
Microsoft Visual Studio Solution File, Format Version 12.00
# Visual Studio Version 17
VisualStudioVersion = 17.0.31903.59
MinimumVisualStudioVersion = 10.0.40219.1
Project("{9A19103F-16F7-4668-BE54-9A1E7A4F7556}") = "AAEmu.DBViewer", "AAEmu.DBViewer\AAEmu.DBViewer.csproj", "{8C6AFF75-052F-48D7-A329-1BFBFCB6DC53}"
EndProject
Project("{9A19103F-16F7-4668-BE54-9A1E7A4F7556}") = "AAEmu.PassGen", "AAEmu.PassGen\AAEmu.PassGen.csproj", "{98751459-5EBE-408A-884C-F4BCC6A61D5A}"
EndProject
Project("{9A19103F-16F7-4668-BE54-9A1E7A4F7556}") = "AAEmu.ClientDataExporter", "AAEmu.ClientDataExporter\AAEmu.ClientDataExporter.csproj", "{7A0BC9BD-E7A0-444E-BD87-D774E9B13AA4}"
EndProject
Project("{9A19103F-16F7-4668-BE54-9A1E7A4F7556}") = "GReader", "GReader\GReader.csproj", "{A625A164-0621-41CA-84C8-77F64EFF31FA}"
EndProject
Project("{9A19103F-16F7-4668-BE54-9A1E7A4F7556}") = "AAEmu.DBEditor", "AAEmu.DBEditor\AAEmu.DBEditor.csproj", "{0453661E-8C26-4472-B6C2-432A2FE3432A}"
EndProject
Project("{9A19103F-16F7-4668-BE54-9A1E7A4F7556}") = "BitmapUtil", "BitmapUtil\BitmapUtil.csproj", "{016FCBBA-1219-457D-ADCB-F167DF78F631}"
EndProject
Global
	GlobalSection(SolutionConfigurationPlatforms) = preSolution
		Debug|Any CPU = Debug|Any CPU
		Release|Any CPU = Release|Any CPU
	EndGlobalSection
	GlobalSection(ProjectConfigurationPlatforms) = postSolution
		{8C6AFF75-052F-48D7-A329-1BFBFCB6DC53}.Debug|Any CPU.ActiveCfg = Debug|Any CPU
		{8C6AFF75-052F-48D7-A329-1BFBFCB6DC53}.Debug|Any CPU.Build.0 = Debug|Any CPU
		{8C6AFF75-052F-48D7-A329-1BFBFCB6DC53}.Release|Any CPU.ActiveCfg = Release|Any CPU
		{8C6AFF75-052F-48D7-A329-1BFBFCB6DC53}.Release|Any CPU.Build.0 = Release|Any CPU
		{98751459-5EBE-408A-884C-F4BCC6A61D5A}.Debug|Any CPU.ActiveCfg = Debug|Any CPU
		{98751459-5EBE-408A-884C-F4BCC6A61D5A}.Debug|Any CPU.Build.0 = Debug|Any CPU
		{98751459-5EBE-408A-884C-F4BCC6A61D5A}.Release|Any CPU.ActiveCfg = Release|Any CPU
		{98751459-5EBE-408A-884C-F4BCC6A61D5A}.Release|Any CPU.Build.0 = Release|Any CPU
		{7A0BC9BD-E7A0-444E-BD87-D774E9B13AA4}.Debug|Any CPU.ActiveCfg = Debug|Any CPU
		{7A0BC9BD-E7A0-444E-BD87-D774E9B13AA4}.Debug|Any CPU.Build.0 = Debug|Any CPU
		{7A0BC9BD-E7A0-444E-BD87-D774E9B13AA4}.Release|Any CPU.ActiveCfg = Release|Any CPU
		{7A0BC9BD-E7A0-444E-BD87-D774E9B13AA4}.Release|Any CPU.Build.0 = Release|Any CPU
		{A625A164-0621-41CA-84C8-77F64EFF31FA}.Debug|Any CPU.ActiveCfg = Debug|Any CPU
		{A625A164-0621-41CA-84C8-77F64EFF31FA}.Debug|Any CPU.Build.0 = Debug|Any CPU
		{A625A164-0621-41CA-84C8-77F64EFF31FA}.Release|Any CPU.ActiveCfg = Release|Any CPU
		{A625A164-0621-41CA-84C8-77F64EFF31FA}.Release|Any CPU.Build.0 = Release|Any CPU
		{0453661E-8C26-4472-B6C2-432A2FE3432A}.Debug|Any CPU.ActiveCfg = Debug|Any CPU
		{0453661E-8C26-4472-B6C2-432A2FE3432A}.Debug|Any CPU.Build.0 = Debug|Any CPU
		{0453661E-8C26-4472-B6C2-432A2FE3432A}.Release|Any CPU.ActiveCfg = Release|Any CPU
		{0453661E-8C26-4472-B6C2-432A2FE3432A}.Release|Any CPU.Build.0 = Release|Any CPU
		{016FCBBA-1219-457D-ADCB-F167DF78F631}.Debug|Any CPU.ActiveCfg = Debug|Any CPU
		{016FCBBA-1219-457D-ADCB-F167DF78F631}.Debug|Any CPU.Build.0 = Debug|Any CPU
		{016FCBBA-1219-457D-ADCB-F167DF78F631}.Release|Any CPU.ActiveCfg = Release|Any CPU
		{016FCBBA-1219-457D-ADCB-F167DF78F631}.Release|Any CPU.Build.0 = Release|Any CPU
	EndGlobalSection
	GlobalSection(SolutionProperties) = preSolution
		HideSolutionNode = FALSE
	EndGlobalSection
	GlobalSection(ExtensibilityGlobals) = postSolution
		RESX_ConfirmAddLanguageFile = False
		RESX_AutoCreateNewLanguageFiles = False
	EndGlobalSection
EndGlobal
